// !$*UTF8*$!
{
	archiveVersion = 1;
	classes = {
	};
	objectVersion = 46;
	objects = {

/* Begin PBXBuildFile section */
		FC5EFD691D99AB6000E1010C /* AppDelegate.swift in Sources */ = {isa = PBXBuildFile; fileRef = FC5EFD681D99AB6000E1010C /* AppDelegate.swift */; };
		FC5EFD6E1D99AB6000E1010C /* Main.storyboard in Resources */ = {isa = PBXBuildFile; fileRef = FC5EFD6C1D99AB6000E1010C /* Main.storyboard */; };
		FC5EFD701D99AB6000E1010C /* Assets.xcassets in Resources */ = {isa = PBXBuildFile; fileRef = FC5EFD6F1D99AB6000E1010C /* Assets.xcassets */; };
		FC5EFD731D99AB6000E1010C /* LaunchScreen.storyboard in Resources */ = {isa = PBXBuildFile; fileRef = FC5EFD711D99AB6000E1010C /* LaunchScreen.storyboard */; };
		FC5EFD7E1D99AB6000E1010C /* FlowersWithPOPTests.swift in Sources */ = {isa = PBXBuildFile; fileRef = FC5EFD7D1D99AB6000E1010C /* FlowersWithPOPTests.swift */; };
		FCF86FB91D99D1B10005517B /* MainVC.swift in Sources */ = {isa = PBXBuildFile; fileRef = FCF86FB81D99D1B10005517B /* MainVC.swift */; };
		FCF86FBD1D99D4290005517B /* DrawShadow.swift in Sources */ = {isa = PBXBuildFile; fileRef = FCF86FBC1D99D4290005517B /* DrawShadow.swift */; };
		FCF86FBF1D99D76B0005517B /* HeaderView.swift in Sources */ = {isa = PBXBuildFile; fileRef = FCF86FBE1D99D76B0005517B /* HeaderView.swift */; };
		FCF86FC11D99F5E50005517B /* Heroes.swift in Sources */ = {isa = PBXBuildFile; fileRef = FCF86FC01D99F5E50005517B /* Heroes.swift */; };
		FCF86FC31D9A0CC00005517B /* DataService.swift in Sources */ = {isa = PBXBuildFile; fileRef = FCF86FC21D9A0CC00005517B /* DataService.swift */; };
/* End PBXBuildFile section */

/* Begin PBXContainerItemProxy section */
		FC5EFD7A1D99AB6000E1010C /* PBXContainerItemProxy */ = {
			isa = PBXContainerItemProxy;
			containerPortal = FC5EFD5D1D99AB6000E1010C /* Project object */;
			proxyType = 1;
			remoteGlobalIDString = FC5EFD641D99AB6000E1010C;
			remoteInfo = FlowersWithPOP;
		};
/* End PBXContainerItemProxy section */

/* Begin PBXFileReference section */
		FC5EFD651D99AB6000E1010C /* HeroesWithPOP.app */ = {isa = PBXFileReference; explicitFileType = wrapper.application; includeInIndex = 0; path = HeroesWithPOP.app; sourceTree = BUILT_PRODUCTS_DIR; };
		FC5EFD681D99AB6000E1010C /* AppDelegate.swift */ = {isa = PBXFileReference; lastKnownFileType = sourcecode.swift; path = AppDelegate.swift; sourceTree = "<group>"; };
		FC5EFD6D1D99AB6000E1010C /* Base */ = {isa = PBXFileReference; lastKnownFileType = file.storyboard; name = Base; path = Base.lproj/Main.storyboard; sourceTree = "<group>"; };
		FC5EFD6F1D99AB6000E1010C /* Assets.xcassets */ = {isa = PBXFileReference; lastKnownFileType = folder.assetcatalog; path = Assets.xcassets; sourceTree = "<group>"; };
		FC5EFD721D99AB6000E1010C /* Base */ = {isa = PBXFileReference; lastKnownFileType = file.storyboard; name = Base; path = Base.lproj/LaunchScreen.storyboard; sourceTree = "<group>"; };
		FC5EFD741D99AB6000E1010C /* Info.plist */ = {isa = PBXFileReference; lastKnownFileType = text.plist.xml; path = Info.plist; sourceTree = "<group>"; };
		FC5EFD791D99AB6000E1010C /* HeroesWithPOPTests.xctest */ = {isa = PBXFileReference; explicitFileType = wrapper.cfbundle; includeInIndex = 0; path = HeroesWithPOPTests.xctest; sourceTree = BUILT_PRODUCTS_DIR; };
		FC5EFD7D1D99AB6000E1010C /* FlowersWithPOPTests.swift */ = {isa = PBXFileReference; lastKnownFileType = sourcecode.swift; path = FlowersWithPOPTests.swift; sourceTree = "<group>"; };
		FC5EFD7F1D99AB6000E1010C /* Info.plist */ = {isa = PBXFileReference; lastKnownFileType = text.plist.xml; path = Info.plist; sourceTree = "<group>"; };
		FCF86FB81D99D1B10005517B /* MainVC.swift */ = {isa = PBXFileReference; fileEncoding = 4; lastKnownFileType = sourcecode.swift; path = MainVC.swift; sourceTree = "<group>"; };
		FCF86FBC1D99D4290005517B /* DrawShadow.swift */ = {isa = PBXFileReference; fileEncoding = 4; lastKnownFileType = sourcecode.swift; path = DrawShadow.swift; sourceTree = "<group>"; };
		FCF86FBE1D99D76B0005517B /* HeaderView.swift */ = {isa = PBXFileReference; fileEncoding = 4; lastKnownFileType = sourcecode.swift; path = HeaderView.swift; sourceTree = "<group>"; };
		FCF86FC01D99F5E50005517B /* Heroes.swift */ = {isa = PBXFileReference; fileEncoding = 4; lastKnownFileType = sourcecode.swift; path = Heroes.swift; sourceTree = "<group>"; };
		FCF86FC21D9A0CC00005517B /* DataService.swift */ = {isa = PBXFileReference; fileEncoding = 4; lastKnownFileType = sourcecode.swift; path = DataService.swift; sourceTree = "<group>"; };
/* End PBXFileReference section */

/* Begin PBXFrameworksBuildPhase section */
		FC5EFD621D99AB6000E1010C /* Frameworks */ = {
			isa = PBXFrameworksBuildPhase;
			buildActionMask = 2147483647;
			files = (
			);
			runOnlyForDeploymentPostprocessing = 0;
		};
		FC5EFD761D99AB6000E1010C /* Frameworks */ = {
			isa = PBXFrameworksBuildPhase;
			buildActionMask = 2147483647;
			files = (
			);
			runOnlyForDeploymentPostprocessing = 0;
		};
/* End PBXFrameworksBuildPhase section */

/* Begin PBXGroup section */
		FC5EFD5C1D99AB6000E1010C = {
			isa = PBXGroup;
			children = (
				FC5EFD671D99AB6000E1010C /* HeroesWithPOP */,
				FC5EFD7C1D99AB6000E1010C /* HeroesWithPOPTests */,
				FC5EFD661D99AB6000E1010C /* Products */,
			);
			sourceTree = "<group>";
		};
		FC5EFD661D99AB6000E1010C /* Products */ = {
			isa = PBXGroup;
			children = (
				FC5EFD651D99AB6000E1010C /* HeroesWithPOP.app */,
				FC5EFD791D99AB6000E1010C /* HeroesWithPOPTests.xctest */,
			);
			name = Products;
			sourceTree = "<group>";
		};
		FC5EFD671D99AB6000E1010C /* HeroesWithPOP */ = {
			isa = PBXGroup;
			children = (
				FCF86FBB1D99D39B0005517B /* Extensions */,
				FCF86FBA1D99D3880005517B /* Protocols */,
				FCF86FB41D99D0250005517B /* Resources */,
				FCF86FB31D99D01C0005517B /* Controllers */,
				FCF86FB21D99D0150005517B /* Views */,
				FCF86FB11D99D00E0005517B /* Models */,
				FC5EFD681D99AB6000E1010C /* AppDelegate.swift */,
				FC5EFD6C1D99AB6000E1010C /* Main.storyboard */,
				FC5EFD6F1D99AB6000E1010C /* Assets.xcassets */,
				FC5EFD711D99AB6000E1010C /* LaunchScreen.storyboard */,
				FC5EFD741D99AB6000E1010C /* Info.plist */,
			);
			name = HeroesWithPOP;
			path = FlowersWithPOP;
			sourceTree = "<group>";
		};
		FC5EFD7C1D99AB6000E1010C /* HeroesWithPOPTests */ = {
			isa = PBXGroup;
			children = (
				FC5EFD7D1D99AB6000E1010C /* FlowersWithPOPTests.swift */,
				FC5EFD7F1D99AB6000E1010C /* Info.plist */,
			);
			name = HeroesWithPOPTests;
			path = FlowersWithPOPTests;
			sourceTree = "<group>";
		};
		FCF86FB11D99D00E0005517B /* Models */ = {
			isa = PBXGroup;
			children = (
				FCF86FC01D99F5E50005517B /* Heroes.swift */,
				FCF86FC21D9A0CC00005517B /* DataService.swift */,
			);
			name = Models;
			sourceTree = "<group>";
		};
		FCF86FB21D99D0150005517B /* Views */ = {
			isa = PBXGroup;
			children = (
				FCF86FBE1D99D76B0005517B /* HeaderView.swift */,
			);
			name = Views;
			sourceTree = "<group>";
		};
		FCF86FB31D99D01C0005517B /* Controllers */ = {
			isa = PBXGroup;
			children = (
				FCF86FB81D99D1B10005517B /* MainVC.swift */,
			);
			name = Controllers;
			sourceTree = "<group>";
		};
		FCF86FB41D99D0250005517B /* Resources */ = {
			isa = PBXGroup;
			children = (
			);
			name = Resources;
			sourceTree = "<group>";
		};
		FCF86FBA1D99D3880005517B /* Protocols */ = {
			isa = PBXGroup;
			children = (
				FCF86FBC1D99D4290005517B /* DrawShadow.swift */,
			);
			name = Protocols;
			sourceTree = "<group>";
		};
		FCF86FBB1D99D39B0005517B /* Extensions */ = {
			isa = PBXGroup;
			children = (
			);
			name = Extensions;
			sourceTree = "<group>";
		};
/* End PBXGroup section */

/* Begin PBXNativeTarget section */
		FC5EFD641D99AB6000E1010C /* HeroesWithPOP */ = {
			isa = PBXNativeTarget;
			buildConfigurationList = FC5EFD821D99AB6000E1010C /* Build configuration list for PBXNativeTarget "HeroesWithPOP" */;
			buildPhases = (
				FC5EFD611D99AB6000E1010C /* Sources */,
				FC5EFD621D99AB6000E1010C /* Frameworks */,
				FC5EFD631D99AB6000E1010C /* Resources */,
			);
			buildRules = (
			);
			dependencies = (
			);
			name = HeroesWithPOP;
			productName = FlowersWithPOP;
			productReference = FC5EFD651D99AB6000E1010C /* HeroesWithPOP.app */;
			productType = "com.apple.product-type.application";
		};
		FC5EFD781D99AB6000E1010C /* HeroesWithPOPTests */ = {
			isa = PBXNativeTarget;
			buildConfigurationList = FC5EFD851D99AB6000E1010C /* Build configuration list for PBXNativeTarget "HeroesWithPOPTests" */;
			buildPhases = (
				FC5EFD751D99AB6000E1010C /* Sources */,
				FC5EFD761D99AB6000E1010C /* Frameworks */,
				FC5EFD771D99AB6000E1010C /* Resources */,
			);
			buildRules = (
			);
			dependencies = (
				FC5EFD7B1D99AB6000E1010C /* PBXTargetDependency */,
			);
			name = HeroesWithPOPTests;
			productName = FlowersWithPOPTests;
			productReference = FC5EFD791D99AB6000E1010C /* HeroesWithPOPTests.xctest */;
			productType = "com.apple.product-type.bundle.unit-test";
		};
/* End PBXNativeTarget section */

/* Begin PBXProject section */
		FC5EFD5D1D99AB6000E1010C /* Project object */ = {
			isa = PBXProject;
			attributes = {
				LastSwiftUpdateCheck = 0800;
				LastUpgradeCheck = 0800;
				ORGANIZATIONNAME = "Mikael Teklehaimanot";
				TargetAttributes = {
					FC5EFD641D99AB6000E1010C = {
						CreatedOnToolsVersion = 8.0;
						DevelopmentTeam = 2WAWR77T4M;
						ProvisioningStyle = Automatic;
					};
					FC5EFD781D99AB6000E1010C = {
						CreatedOnToolsVersion = 8.0;
						DevelopmentTeam = 2WAWR77T4M;
						ProvisioningStyle = Automatic;
						TestTargetID = FC5EFD641D99AB6000E1010C;
					};
				};
			};
			buildConfigurationList = FC5EFD601D99AB6000E1010C /* Build configuration list for PBXProject "HeroesWithPOP" */;
			compatibilityVersion = "Xcode 3.2";
			developmentRegion = English;
			hasScannedForEncodings = 0;
			knownRegions = (
				en,
				Base,
			);
			mainGroup = FC5EFD5C1D99AB6000E1010C;
			productRefGroup = FC5EFD661D99AB6000E1010C /* Products */;
			projectDirPath = "";
			projectRoot = "";
			targets = (
				FC5EFD641D99AB6000E1010C /* HeroesWithPOP */,
				FC5EFD781D99AB6000E1010C /* HeroesWithPOPTests */,
			);
		};
/* End PBXProject section */

/* Begin PBXResourcesBuildPhase section */
		FC5EFD631D99AB6000E1010C /* Resources */ = {
			isa = PBXResourcesBuildPhase;
			buildActionMask = 2147483647;
			files = (
				FC5EFD731D99AB6000E1010C /* LaunchScreen.storyboard in Resources */,
				FC5EFD701D99AB6000E1010C /* Assets.xcassets in Resources */,
				FC5EFD6E1D99AB6000E1010C /* Main.storyboard in Resources */,
			);
			runOnlyForDeploymentPostprocessing = 0;
		};
		FC5EFD771D99AB6000E1010C /* Resources */ = {
			isa = PBXResourcesBuildPhase;
			buildActionMask = 2147483647;
			files = (
			);
			runOnlyForDeploymentPostprocessing = 0;
		};
/* End PBXResourcesBuildPhase section */

/* Begin PBXSourcesBuildPhase section */
		FC5EFD611D99AB6000E1010C /* Sources */ = {
			isa = PBXSourcesBuildPhase;
			buildActionMask = 2147483647;
			files = (
				FC5EFD691D99AB6000E1010C /* AppDelegate.swift in Sources */,
				FCF86FBD1D99D4290005517B /* DrawShadow.swift in Sources */,
				FCF86FB91D99D1B10005517B /* MainVC.swift in Sources */,
				FCF86FC31D9A0CC00005517B /* DataService.swift in Sources */,
				FCF86FC11D99F5E50005517B /* Heroes.swift in Sources */,
				FCF86FBF1D99D76B0005517B /* HeaderView.swift in Sources */,
			);
			runOnlyForDeploymentPostprocessing = 0;
		};
		FC5EFD751D99AB6000E1010C /* Sources */ = {
			isa = PBXSourcesBuildPhase;
			buildActionMask = 2147483647;
			files = (
				FC5EFD7E1D99AB6000E1010C /* FlowersWithPOPTests.swift in Sources */,
			);
			runOnlyForDeploymentPostprocessing = 0;
		};
/* End PBXSourcesBuildPhase section */

/* Begin PBXTargetDependency section */
		FC5EFD7B1D99AB6000E1010C /* PBXTargetDependency */ = {
			isa = PBXTargetDependency;
			target = FC5EFD641D99AB6000E1010C /* HeroesWithPOP */;
			targetProxy = FC5EFD7A1D99AB6000E1010C /* PBXContainerItemProxy */;
		};
/* End PBXTargetDependency section */

/* Begin PBXVariantGroup section */
		FC5EFD6C1D99AB6000E1010C /* Main.storyboard */ = {
			isa = PBXVariantGroup;
			children = (
				FC5EFD6D1D99AB6000E1010C /* Base */,
			);
			name = Main.storyboard;
			sourceTree = "<group>";
		};
		FC5EFD711D99AB6000E1010C /* LaunchScreen.storyboard */ = {
			isa = PBXVariantGroup;
			children = (
				FC5EFD721D99AB6000E1010C /* Base */,
			);
			name = LaunchScreen.storyboard;
			sourceTree = "<group>";
		};
/* End PBXVariantGroup section */

/* Begin XCBuildConfiguration section */
		FC5EFD801D99AB6000E1010C /* Debug */ = {
			isa = XCBuildConfiguration;
			buildSettings = {
				ALWAYS_SEARCH_USER_PATHS = NO;
				CLANG_ANALYZER_NONNULL = YES;
				CLANG_CXX_LANGUAGE_STANDARD = "gnu++0x";
				CLANG_CXX_LIBRARY = "libc++";
				CLANG_ENABLE_MODULES = YES;
				CLANG_ENABLE_OBJC_ARC = YES;
				CLANG_WARN_BOOL_CONVERSION = YES;
				CLANG_WARN_CONSTANT_CONVERSION = YES;
				CLANG_WARN_DIRECT_OBJC_ISA_USAGE = YES_ERROR;
				CLANG_WARN_DOCUMENTATION_COMMENTS = YES;
				CLANG_WARN_EMPTY_BODY = YES;
				CLANG_WARN_ENUM_CONVERSION = YES;
				CLANG_WARN_INFINITE_RECURSION = YES;
				CLANG_WARN_INT_CONVERSION = YES;
				CLANG_WARN_OBJC_ROOT_CLASS = YES_ERROR;
				CLANG_WARN_SUSPICIOUS_MOVES = YES;
				CLANG_WARN_UNREACHABLE_CODE = YES;
				CLANG_WARN__DUPLICATE_METHOD_MATCH = YES;
				"CODE_SIGN_IDENTITY[sdk=iphoneos*]" = "iPhone Developer";
				COPY_PHASE_STRIP = NO;
				DEBUG_INFORMATION_FORMAT = dwarf;
				ENABLE_STRICT_OBJC_MSGSEND = YES;
				ENABLE_TESTABILITY = YES;
				GCC_C_LANGUAGE_STANDARD = gnu99;
				GCC_DYNAMIC_NO_PIC = NO;
				GCC_NO_COMMON_BLOCKS = YES;
				GCC_OPTIMIZATION_LEVEL = 0;
				GCC_PREPROCESSOR_DEFINITIONS = (
					"DEBUG=1",
					"$(inherited)",
				);
				GCC_WARN_64_TO_32_BIT_CONVERSION = YES;
				GCC_WARN_ABOUT_RETURN_TYPE = YES_ERROR;
				GCC_WARN_UNDECLARED_SELECTOR = YES;
				GCC_WARN_UNINITIALIZED_AUTOS = YES_AGGRESSIVE;
				GCC_WARN_UNUSED_FUNCTION = YES;
				GCC_WARN_UNUSED_VARIABLE = YES;
				IPHONEOS_DEPLOYMENT_TARGET = 10.0;
				MTL_ENABLE_DEBUG_INFO = YES;
				ONLY_ACTIVE_ARCH = YES;
				SDKROOT = iphoneos;
				SWIFT_ACTIVE_COMPILATION_CONDITIONS = DEBUG;
				SWIFT_OPTIMIZATION_LEVEL = "-Onone";
			};
			name = Debug;
		};
		FC5EFD811D99AB6000E1010C /* Release */ = {
			isa = XCBuildConfiguration;
			buildSettings = {
				ALWAYS_SEARCH_USER_PATHS = NO;
				CLANG_ANALYZER_NONNULL = YES;
				CLANG_CXX_LANGUAGE_STANDARD = "gnu++0x";
				CLANG_CXX_LIBRARY = "libc++";
				CLANG_ENABLE_MODULES = YES;
				CLANG_ENABLE_OBJC_ARC = YES;
				CLANG_WARN_BOOL_CONVERSION = YES;
				CLANG_WARN_CONSTANT_CONVERSION = YES;
				CLANG_WARN_DIRECT_OBJC_ISA_USAGE = YES_ERROR;
				CLANG_WARN_DOCUMENTATION_COMMENTS = YES;
				CLANG_WARN_EMPTY_BODY = YES;
				CLANG_WARN_ENUM_CONVERSION = YES;
				CLANG_WARN_INFINITE_RECURSION = YES;
				CLANG_WARN_INT_CONVERSION = YES;
				CLANG_WARN_OBJC_ROOT_CLASS = YES_ERROR;
				CLANG_WARN_SUSPICIOUS_MOVES = YES;
				CLANG_WARN_UNREACHABLE_CODE = YES;
				CLANG_WARN__DUPLICATE_METHOD_MATCH = YES;
				"CODE_SIGN_IDENTITY[sdk=iphoneos*]" = "iPhone Developer";
				COPY_PHASE_STRIP = NO;
				DEBUG_INFORMATION_FORMAT = "dwarf-with-dsym";
				ENABLE_NS_ASSERTIONS = NO;
				ENABLE_STRICT_OBJC_MSGSEND = YES;
				GCC_C_LANGUAGE_STANDARD = gnu99;
				GCC_NO_COMMON_BLOCKS = YES;
				GCC_WARN_64_TO_32_BIT_CONVERSION = YES;
				GCC_WARN_ABOUT_RETURN_TYPE = YES_ERROR;
				GCC_WARN_UNDECLARED_SELECTOR = YES;
				GCC_WARN_UNINITIALIZED_AUTOS = YES_AGGRESSIVE;
				GCC_WARN_UNUSED_FUNCTION = YES;
				GCC_WARN_UNUSED_VARIABLE = YES;
				IPHONEOS_DEPLOYMENT_TARGET = 10.0;
				MTL_ENABLE_DEBUG_INFO = NO;
				SDKROOT = iphoneos;
				SWIFT_OPTIMIZATION_LEVEL = "-Owholemodule";
				VALIDATE_PRODUCT = YES;
			};
			name = Release;
		};
		FC5EFD831D99AB6000E1010C /* Debug */ = {
			isa = XCBuildConfiguration;
			buildSettings = {
				ASSETCATALOG_COMPILER_APPICON_NAME = AppIcon;
				DEVELOPMENT_TEAM = 2WAWR77T4M;
				INFOPLIST_FILE = FlowersWithPOP/Info.plist;
				LD_RUNPATH_SEARCH_PATHS = "$(inherited) @executable_path/Frameworks";
				PRODUCT_BUNDLE_IDENTIFIER = io.mikael.FlowersWithPOP;
				PRODUCT_NAME = "$(TARGET_NAME)";
				SWIFT_VERSION = 3.0;
			};
			name = Debug;
		};
		FC5EFD841D99AB6000E1010C /* Release */ = {
			isa = XCBuildConfiguration;
			buildSettings = {
				ASSETCATALOG_COMPILER_APPICON_NAME = AppIcon;
				DEVELOPMENT_TEAM = 2WAWR77T4M;
				INFOPLIST_FILE = FlowersWithPOP/Info.plist;
				LD_RUNPATH_SEARCH_PATHS = "$(inherited) @executable_path/Frameworks";
				PRODUCT_BUNDLE_IDENTIFIER = io.mikael.FlowersWithPOP;
				PRODUCT_NAME = "$(TARGET_NAME)";
				SWIFT_VERSION = 3.0;
			};
			name = Release;
		};
		FC5EFD861D99AB6000E1010C /* Debug */ = {
			isa = XCBuildConfiguration;
			buildSettings = {
				ALWAYS_EMBED_SWIFT_STANDARD_LIBRARIES = YES;
				BUNDLE_LOADER = "$(TEST_HOST)";
				DEVELOPMENT_TEAM = 2WAWR77T4M;
				INFOPLIST_FILE = FlowersWithPOPTests/Info.plist;
				LD_RUNPATH_SEARCH_PATHS = "$(inherited) @executable_path/Frameworks @loader_path/Frameworks";
				PRODUCT_BUNDLE_IDENTIFIER = io.mikael.FlowersWithPOPTests;
				PRODUCT_NAME = "$(TARGET_NAME)";
				SWIFT_VERSION = 3.0;
				TEST_HOST = "$(BUILT_PRODUCTS_DIR)/HeroesWithPOP.app/HeroesWithPOP";
			};
			name = Debug;
		};
		FC5EFD871D99AB6000E1010C /* Release */ = {
			isa = XCBuildConfiguration;
			buildSettings = {
				ALWAYS_EMBED_SWIFT_STANDARD_LIBRARIES = YES;
				BUNDLE_LOADER = "$(TEST_HOST)";
				DEVELOPMENT_TEAM = 2WAWR77T4M;
				INFOPLIST_FILE = FlowersWithPOPTests/Info.plist;
				LD_RUNPATH_SEARCH_PATHS = "$(inherited) @executable_path/Frameworks @loader_path/Frameworks";
				PRODUCT_BUNDLE_IDENTIFIER = io.mikael.FlowersWithPOPTests;
				PRODUCT_NAME = "$(TARGET_NAME)";
				SWIFT_VERSION = 3.0;
				TEST_HOST = "$(BUILT_PRODUCTS_DIR)/HeroesWithPOP.app/HeroesWithPOP";
			};
			name = Release;
		};
/* End XCBuildConfiguration section */

/* Begin XCConfigurationList section */
		FC5EFD601D99AB6000E1010C /* Build configuration list for PBXProject "HeroesWithPOP" */ = {
			isa = XCConfigurationList;
			buildConfigurations = (
				FC5EFD801D99AB6000E1010C /* Debug */,
				FC5EFD811D99AB6000E1010C /* Release */,
			);
			defaultConfigurationIsVisible = 0;
			defaultConfigurationName = Release;
		};
		FC5EFD821D99AB6000E1010C /* Build configuration list for PBXNativeTarget "HeroesWithPOP" */ = {
			isa = XCConfigurationList;
			buildConfigurations = (
				FC5EFD831D99AB6000E1010C /* Debug */,
				FC5EFD841D99AB6000E1010C /* Release */,
			);
			defaultConfigurationIsVisible = 0;
			defaultConfigurationName = Release;
		};
		FC5EFD851D99AB6000E1010C /* Build configuration list for PBXNativeTarget "HeroesWithPOPTests" */ = {
			isa = XCConfigurationList;
			buildConfigurations = (
				FC5EFD861D99AB6000E1010C /* Debug */,
				FC5EFD871D99AB6000E1010C /* Release */,
			);
			defaultConfigurationIsVisible = 0;
			defaultConfigurationName = Release;
		};
/* End XCConfigurationList section */
	};
	rootObject = FC5EFD5D1D99AB6000E1010C /* Project object */;
}
